// !$*UTF8*$!
{
	archiveVersion = 1;
	classes = {
	};
	objectVersion = 55;
	objects = {

/* Begin PBXBuildFile section */
		2FDAD1D6360CBE8739300C29 /* libPods-WeatherGift.a in Frameworks */ = {isa = PBXBuildFile; fileRef = 16C511957A81111B5D027883 /* libPods-WeatherGift.a */; };
		9049C42127862EA700A23079 /* AppDelegate.swift in Sources */ = {isa = PBXBuildFile; fileRef = 9049C42027862EA700A23079 /* AppDelegate.swift */; };
		9049C42327862EA700A23079 /* SceneDelegate.swift in Sources */ = {isa = PBXBuildFile; fileRef = 9049C42227862EA700A23079 /* SceneDelegate.swift */; };
		9049C42527862EA700A23079 /* LocationListViewController.swift in Sources */ = {isa = PBXBuildFile; fileRef = 9049C42427862EA700A23079 /* LocationListViewController.swift */; };
		9049C42827862EA700A23079 /* Main.storyboard in Resources */ = {isa = PBXBuildFile; fileRef = 9049C42627862EA700A23079 /* Main.storyboard */; };
		9049C42A27862EA900A23079 /* Assets.xcassets in Resources */ = {isa = PBXBuildFile; fileRef = 9049C42927862EA900A23079 /* Assets.xcassets */; };
		9049C42D27862EA900A23079 /* LaunchScreen.storyboard in Resources */ = {isa = PBXBuildFile; fileRef = 9049C42B27862EA900A23079 /* LaunchScreen.storyboard */; };
		9049C43527862EC800A23079 /* WeatherLocation.swift in Sources */ = {isa = PBXBuildFile; fileRef = 9049C43427862EC800A23079 /* WeatherLocation.swift */; };
		9049C437278635A300A23079 /* WeatherTableViewCell.swift in Sources */ = {isa = PBXBuildFile; fileRef = 9049C436278635A200A23079 /* WeatherTableViewCell.swift */; };
		9086050C278F543300FB25B6 /* WeatherDetail.swift in Sources */ = {isa = PBXBuildFile; fileRef = 9086050B278F543300FB25B6 /* WeatherDetail.swift */; };
		90D55A832787A1F90053CD44 /* APIkeys.swift in Sources */ = {isa = PBXBuildFile; fileRef = 90D55A822787A1F90053CD44 /* APIkeys.swift */; };
		90D55A852787C5E40053CD44 /* LocationDetailViewController.swift in Sources */ = {isa = PBXBuildFile; fileRef = 90D55A842787C5E40053CD44 /* LocationDetailViewController.swift */; };
		90D55AB0278E54EC0053CD44 /* PageViewController.swift in Sources */ = {isa = PBXBuildFile; fileRef = 90D55AAF278E54EC0053CD44 /* PageViewController.swift */; };
/* End PBXBuildFile section */

/* Begin PBXFileReference section */
		0A3EF5CA9D6A91C26A0004AB /* Pods-WeatherGift.debug.xcconfig */ = {isa = PBXFileReference; includeInIndex = 1; lastKnownFileType = text.xcconfig; name = "Pods-WeatherGift.debug.xcconfig"; path = "Target Support Files/Pods-WeatherGift/Pods-WeatherGift.debug.xcconfig"; sourceTree = "<group>"; };
		16C511957A81111B5D027883 /* libPods-WeatherGift.a */ = {isa = PBXFileReference; explicitFileType = archive.ar; includeInIndex = 0; path = "libPods-WeatherGift.a"; sourceTree = BUILT_PRODUCTS_DIR; };
		9049C41D27862EA700A23079 /* WeatherGift.app */ = {isa = PBXFileReference; explicitFileType = wrapper.application; includeInIndex = 0; path = WeatherGift.app; sourceTree = BUILT_PRODUCTS_DIR; };
		9049C42027862EA700A23079 /* AppDelegate.swift */ = {isa = PBXFileReference; lastKnownFileType = sourcecode.swift; path = AppDelegate.swift; sourceTree = "<group>"; };
		9049C42227862EA700A23079 /* SceneDelegate.swift */ = {isa = PBXFileReference; lastKnownFileType = sourcecode.swift; path = SceneDelegate.swift; sourceTree = "<group>"; };
		9049C42427862EA700A23079 /* LocationListViewController.swift */ = {isa = PBXFileReference; lastKnownFileType = sourcecode.swift; path = LocationListViewController.swift; sourceTree = "<group>"; };
		9049C42727862EA700A23079 /* Base */ = {isa = PBXFileReference; lastKnownFileType = file.storyboard; name = Base; path = Base.lproj/Main.storyboard; sourceTree = "<group>"; };
		9049C42927862EA900A23079 /* Assets.xcassets */ = {isa = PBXFileReference; lastKnownFileType = folder.assetcatalog; path = Assets.xcassets; sourceTree = "<group>"; };
		9049C42C27862EA900A23079 /* Base */ = {isa = PBXFileReference; lastKnownFileType = file.storyboard; name = Base; path = Base.lproj/LaunchScreen.storyboard; sourceTree = "<group>"; };
		9049C42E27862EAA00A23079 /* Info.plist */ = {isa = PBXFileReference; lastKnownFileType = text.plist.xml; path = Info.plist; sourceTree = "<group>"; };
		9049C43427862EC800A23079 /* WeatherLocation.swift */ = {isa = PBXFileReference; lastKnownFileType = sourcecode.swift; path = WeatherLocation.swift; sourceTree = "<group>"; };
		9049C436278635A200A23079 /* WeatherTableViewCell.swift */ = {isa = PBXFileReference; lastKnownFileType = sourcecode.swift; path = WeatherTableViewCell.swift; sourceTree = "<group>"; };
		9086050B278F543300FB25B6 /* WeatherDetail.swift */ = {isa = PBXFileReference; lastKnownFileType = sourcecode.swift; path = WeatherDetail.swift; sourceTree = "<group>"; };
		90D55A822787A1F90053CD44 /* APIkeys.swift */ = {isa = PBXFileReference; lastKnownFileType = sourcecode.swift; path = APIkeys.swift; sourceTree = "<group>"; };
		90D55A842787C5E40053CD44 /* LocationDetailViewController.swift */ = {isa = PBXFileReference; lastKnownFileType = sourcecode.swift; path = LocationDetailViewController.swift; sourceTree = "<group>"; };
		90D55AAF278E54EC0053CD44 /* PageViewController.swift */ = {isa = PBXFileReference; lastKnownFileType = sourcecode.swift; path = PageViewController.swift; sourceTree = "<group>"; };
		B6776104F6873253E7439024 /* Pods-WeatherGift.release.xcconfig */ = {isa = PBXFileReference; includeInIndex = 1; lastKnownFileType = text.xcconfig; name = "Pods-WeatherGift.release.xcconfig"; path = "Target Support Files/Pods-WeatherGift/Pods-WeatherGift.release.xcconfig"; sourceTree = "<group>"; };
/* End PBXFileReference section */

/* Begin PBXFrameworksBuildPhase section */
		9049C41A27862EA700A23079 /* Frameworks */ = {
			isa = PBXFrameworksBuildPhase;
			buildActionMask = 2147483647;
			files = (
				2FDAD1D6360CBE8739300C29 /* libPods-WeatherGift.a in Frameworks */,
			);
			runOnlyForDeploymentPostprocessing = 0;
		};
/* End PBXFrameworksBuildPhase section */

/* Begin PBXGroup section */
		9049C41427862EA700A23079 = {
			isa = PBXGroup;
			children = (
				9049C41F27862EA700A23079 /* WeatherGift */,
				9049C41E27862EA700A23079 /* Products */,
				989837D75D1B9AEDFA03A032 /* Pods */,
				C2FD846F4627E52BE2224B44 /* Frameworks */,
			);
			sourceTree = "<group>";
		};
		9049C41E27862EA700A23079 /* Products */ = {
			isa = PBXGroup;
			children = (
				9049C41D27862EA700A23079 /* WeatherGift.app */,
			);
			name = Products;
			sourceTree = "<group>";
		};
		9049C41F27862EA700A23079 /* WeatherGift */ = {
			isa = PBXGroup;
			children = (
				9049C42027862EA700A23079 /* AppDelegate.swift */,
				9049C42227862EA700A23079 /* SceneDelegate.swift */,
				9049C43427862EC800A23079 /* WeatherLocation.swift */,
				9086050B278F543300FB25B6 /* WeatherDetail.swift */,
				90D55AAF278E54EC0053CD44 /* PageViewController.swift */,
				90D55A842787C5E40053CD44 /* LocationDetailViewController.swift */,
				9049C42427862EA700A23079 /* LocationListViewController.swift */,
				9049C436278635A200A23079 /* WeatherTableViewCell.swift */,
				9049C42627862EA700A23079 /* Main.storyboard */,
				9049C42927862EA900A23079 /* Assets.xcassets */,
				9049C42B27862EA900A23079 /* LaunchScreen.storyboard */,
				9049C42E27862EAA00A23079 /* Info.plist */,
				90D55A822787A1F90053CD44 /* APIkeys.swift */,
			);
			path = WeatherGift;
			sourceTree = "<group>";
		};
		989837D75D1B9AEDFA03A032 /* Pods */ = {
			isa = PBXGroup;
			children = (
				0A3EF5CA9D6A91C26A0004AB /* Pods-WeatherGift.debug.xcconfig */,
				B6776104F6873253E7439024 /* Pods-WeatherGift.release.xcconfig */,
			);
			path = Pods;
			sourceTree = "<group>";
		};
		C2FD846F4627E52BE2224B44 /* Frameworks */ = {
			isa = PBXGroup;
			children = (
				16C511957A81111B5D027883 /* libPods-WeatherGift.a */,
			);
			name = Frameworks;
			sourceTree = "<group>";
		};
/* End PBXGroup section */

/* Begin PBXNativeTarget section */
		9049C41C27862EA700A23079 /* WeatherGift */ = {
			isa = PBXNativeTarget;
			buildConfigurationList = 9049C43127862EAA00A23079 /* Build configuration list for PBXNativeTarget "WeatherGift" */;
			buildPhases = (
				F4A96743CD322AB8B069E33B /* [CP] Check Pods Manifest.lock */,
				9049C41927862EA700A23079 /* Sources */,
				9049C41A27862EA700A23079 /* Frameworks */,
				9049C41B27862EA700A23079 /* Resources */,
				ABFDD8EE3D7A70FD37A7EF63 /* [CP] Copy Pods Resources */,
			);
			buildRules = (
			);
			dependencies = (
			);
			name = WeatherGift;
			productName = WeatherGift;
			productReference = 9049C41D27862EA700A23079 /* WeatherGift.app */;
			productType = "com.apple.product-type.application";
		};
/* End PBXNativeTarget section */

/* Begin PBXProject section */
		9049C41527862EA700A23079 /* Project object */ = {
			isa = PBXProject;
			attributes = {
				BuildIndependentTargetsInParallel = 1;
				LastSwiftUpdateCheck = 1320;
				LastUpgradeCheck = 1320;
				TargetAttributes = {
					9049C41C27862EA700A23079 = {
						CreatedOnToolsVersion = 13.2.1;
					};
				};
			};
			buildConfigurationList = 9049C41827862EA700A23079 /* Build configuration list for PBXProject "WeatherGift" */;
			compatibilityVersion = "Xcode 13.0";
			developmentRegion = en;
			hasScannedForEncodings = 0;
			knownRegions = (
				en,
				Base,
			);
			mainGroup = 9049C41427862EA700A23079;
			productRefGroup = 9049C41E27862EA700A23079 /* Products */;
			projectDirPath = "";
			projectRoot = "";
			targets = (
				9049C41C27862EA700A23079 /* WeatherGift */,
			);
		};
/* End PBXProject section */

/* Begin PBXResourcesBuildPhase section */
		9049C41B27862EA700A23079 /* Resources */ = {
			isa = PBXResourcesBuildPhase;
			buildActionMask = 2147483647;
			files = (
				9049C42D27862EA900A23079 /* LaunchScreen.storyboard in Resources */,
				9049C42A27862EA900A23079 /* Assets.xcassets in Resources */,
				9049C42827862EA700A23079 /* Main.storyboard in Resources */,
			);
			runOnlyForDeploymentPostprocessing = 0;
		};
/* End PBXResourcesBuildPhase section */

/* Begin PBXShellScriptBuildPhase section */
		ABFDD8EE3D7A70FD37A7EF63 /* [CP] Copy Pods Resources */ = {
			isa = PBXShellScriptBuildPhase;
			buildActionMask = 2147483647;
			files = (
			);
			inputFileListPaths = (
				"${PODS_ROOT}/Target Support Files/Pods-WeatherGift/Pods-WeatherGift-resources-${CONFIGURATION}-input-files.xcfilelist",
			);
			name = "[CP] Copy Pods Resources";
			outputFileListPaths = (
				"${PODS_ROOT}/Target Support Files/Pods-WeatherGift/Pods-WeatherGift-resources-${CONFIGURATION}-output-files.xcfilelist",
			);
			runOnlyForDeploymentPostprocessing = 0;
			shellPath = /bin/sh;
			shellScript = "\"${PODS_ROOT}/Target Support Files/Pods-WeatherGift/Pods-WeatherGift-resources.sh\"\n";
			showEnvVarsInLog = 0;
		};
		F4A96743CD322AB8B069E33B /* [CP] Check Pods Manifest.lock */ = {
			isa = PBXShellScriptBuildPhase;
			buildActionMask = 2147483647;
			files = (
			);
			inputFileListPaths = (
			);
			inputPaths = (
				"${PODS_PODFILE_DIR_PATH}/Podfile.lock",
				"${PODS_ROOT}/Manifest.lock",
			);
			name = "[CP] Check Pods Manifest.lock";
			outputFileListPaths = (
			);
			outputPaths = (
				"$(DERIVED_FILE_DIR)/Pods-WeatherGift-checkManifestLockResult.txt",
			);
			runOnlyForDeploymentPostprocessing = 0;
			shellPath = /bin/sh;
			shellScript = "diff \"${PODS_PODFILE_DIR_PATH}/Podfile.lock\" \"${PODS_ROOT}/Manifest.lock\" > /dev/null\nif [ $? != 0 ] ; then\n    # print error to STDERR\n    echo \"error: The sandbox is not in sync with the Podfile.lock. Run 'pod install' or update your CocoaPods installation.\" >&2\n    exit 1\nfi\n# This output is used by Xcode 'outputs' to avoid re-running this script phase.\necho \"SUCCESS\" > \"${SCRIPT_OUTPUT_FILE_0}\"\n";
			showEnvVarsInLog = 0;
		};
/* End PBXShellScriptBuildPhase section */

/* Begin PBXSourcesBuildPhase section */
		9049C41927862EA700A23079 /* Sources */ = {
			isa = PBXSourcesBuildPhase;
			buildActionMask = 2147483647;
			files = (
				90D55A832787A1F90053CD44 /* APIkeys.swift in Sources */,
				9049C437278635A300A23079 /* WeatherTableViewCell.swift in Sources */,
				90D55A852787C5E40053CD44 /* LocationDetailViewController.swift in Sources */,
				9049C42527862EA700A23079 /* LocationListViewController.swift in Sources */,
				9049C43527862EC800A23079 /* WeatherLocation.swift in Sources */,
				9049C42127862EA700A23079 /* AppDelegate.swift in Sources */,
				9086050C278F543300FB25B6 /* WeatherDetail.swift in Sources */,
				9049C42327862EA700A23079 /* SceneDelegate.swift in Sources */,
				90D55AB0278E54EC0053CD44 /* PageViewController.swift in Sources */,
			);
			runOnlyForDeploymentPostprocessing = 0;
		};
/* End PBXSourcesBuildPhase section */

/* Begin PBXVariantGroup section */
		9049C42627862EA700A23079 /* Main.storyboard */ = {
			isa = PBXVariantGroup;
			children = (
				9049C42727862EA700A23079 /* Base */,
			);
			name = Main.storyboard;
			sourceTree = "<group>";
		};
		9049C42B27862EA900A23079 /* LaunchScreen.storyboard */ = {
			isa = PBXVariantGroup;
			children = (
				9049C42C27862EA900A23079 /* Base */,
			);
			name = LaunchScreen.storyboard;
			sourceTree = "<group>";
		};
/* End PBXVariantGroup section */

/* Begin XCBuildConfiguration section */
		9049C42F27862EAA00A23079 /* Debug */ = {
			isa = XCBuildConfiguration;
			buildSettings = {
				ALWAYS_SEARCH_USER_PATHS = NO;
				CLANG_ANALYZER_NONNULL = YES;
				CLANG_ANALYZER_NUMBER_OBJECT_CONVERSION = YES_AGGRESSIVE;
				CLANG_CXX_LANGUAGE_STANDARD = "gnu++17";
				CLANG_CXX_LIBRARY = "libc++";
				CLANG_ENABLE_MODULES = YES;
				CLANG_ENABLE_OBJC_ARC = YES;
				CLANG_ENABLE_OBJC_WEAK = YES;
				CLANG_WARN_BLOCK_CAPTURE_AUTORELEASING = YES;
				CLANG_WARN_BOOL_CONVERSION = YES;
				CLANG_WARN_COMMA = YES;
				CLANG_WARN_CONSTANT_CONVERSION = YES;
				CLANG_WARN_DEPRECATED_OBJC_IMPLEMENTATIONS = YES;
				CLANG_WARN_DIRECT_OBJC_ISA_USAGE = YES_ERROR;
				CLANG_WARN_DOCUMENTATION_COMMENTS = YES;
				CLANG_WARN_EMPTY_BODY = YES;
				CLANG_WARN_ENUM_CONVERSION = YES;
				CLANG_WARN_INFINITE_RECURSION = YES;
				CLANG_WARN_INT_CONVERSION = YES;
				CLANG_WARN_NON_LITERAL_NULL_CONVERSION = YES;
				CLANG_WARN_OBJC_IMPLICIT_RETAIN_SELF = YES;
				CLANG_WARN_OBJC_LITERAL_CONVERSION = YES;
				CLANG_WARN_OBJC_ROOT_CLASS = YES_ERROR;
				CLANG_WARN_QUOTED_INCLUDE_IN_FRAMEWORK_HEADER = YES;
				CLANG_WARN_RANGE_LOOP_ANALYSIS = YES;
				CLANG_WARN_STRICT_PROTOTYPES = YES;
				CLANG_WARN_SUSPICIOUS_MOVE = YES;
				CLANG_WARN_UNGUARDED_AVAILABILITY = YES_AGGRESSIVE;
				CLANG_WARN_UNREACHABLE_CODE = YES;
				CLANG_WARN__DUPLICATE_METHOD_MATCH = YES;
				COPY_PHASE_STRIP = NO;
				DEBUG_INFORMATION_FORMAT = dwarf;
				ENABLE_STRICT_OBJC_MSGSEND = YES;
				ENABLE_TESTABILITY = YES;
				GCC_C_LANGUAGE_STANDARD = gnu11;
				GCC_DYNAMIC_NO_PIC = NO;
				GCC_NO_COMMON_BLOCKS = YES;
				GCC_OPTIMIZATION_LEVEL = 0;
				GCC_PREPROCESSOR_DEFINITIONS = (
					"DEBUG=1",
					"$(inherited)",
				);
				GCC_WARN_64_TO_32_BIT_CONVERSION = YES;
				GCC_WARN_ABOUT_RETURN_TYPE = YES_ERROR;
				GCC_WARN_UNDECLARED_SELECTOR = YES;
				GCC_WARN_UNINITIALIZED_AUTOS = YES_AGGRESSIVE;
				GCC_WARN_UNUSED_FUNCTION = YES;
				GCC_WARN_UNUSED_VARIABLE = YES;
				IPHONEOS_DEPLOYMENT_TARGET = 15.2;
				MTL_ENABLE_DEBUG_INFO = INCLUDE_SOURCE;
				MTL_FAST_MATH = YES;
				ONLY_ACTIVE_ARCH = YES;
				SDKROOT = iphoneos;
				SWIFT_ACTIVE_COMPILATION_CONDITIONS = DEBUG;
				SWIFT_OPTIMIZATION_LEVEL = "-Onone";
			};
			name = Debug;
		};
		9049C43027862EAA00A23079 /* Release */ = {
			isa = XCBuildConfiguration;
			buildSettings = {
				ALWAYS_SEARCH_USER_PATHS = NO;
				CLANG_ANALYZER_NONNULL = YES;
				CLANG_ANALYZER_NUMBER_OBJECT_CONVERSION = YES_AGGRESSIVE;
				CLANG_CXX_LANGUAGE_STANDARD = "gnu++17";
				CLANG_CXX_LIBRARY = "libc++";
				CLANG_ENABLE_MODULES = YES;
				CLANG_ENABLE_OBJC_ARC = YES;
				CLANG_ENABLE_OBJC_WEAK = YES;
				CLANG_WARN_BLOCK_CAPTURE_AUTORELEASING = YES;
				CLANG_WARN_BOOL_CONVERSION = YES;
				CLANG_WARN_COMMA = YES;
				CLANG_WARN_CONSTANT_CONVERSION = YES;
				CLANG_WARN_DEPRECATED_OBJC_IMPLEMENTATIONS = YES;
				CLANG_WARN_DIRECT_OBJC_ISA_USAGE = YES_ERROR;
				CLANG_WARN_DOCUMENTATION_COMMENTS = YES;
				CLANG_WARN_EMPTY_BODY = YES;
				CLANG_WARN_ENUM_CONVERSION = YES;
				CLANG_WARN_INFINITE_RECURSION = YES;
				CLANG_WARN_INT_CONVERSION = YES;
				CLANG_WARN_NON_LITERAL_NULL_CONVERSION = YES;
				CLANG_WARN_OBJC_IMPLICIT_RETAIN_SELF = YES;
				CLANG_WARN_OBJC_LITERAL_CONVERSION = YES;
				CLANG_WARN_OBJC_ROOT_CLASS = YES_ERROR;
				CLANG_WARN_QUOTED_INCLUDE_IN_FRAMEWORK_HEADER = YES;
				CLANG_WARN_RANGE_LOOP_ANALYSIS = YES;
				CLANG_WARN_STRICT_PROTOTYPES = YES;
				CLANG_WARN_SUSPICIOUS_MOVE = YES;
				CLANG_WARN_UNGUARDED_AVAILABILITY = YES_AGGRESSIVE;
				CLANG_WARN_UNREACHABLE_CODE = YES;
				CLANG_WARN__DUPLICATE_METHOD_MATCH = YES;
				COPY_PHASE_STRIP = NO;
				DEBUG_INFORMATION_FORMAT = "dwarf-with-dsym";
				ENABLE_NS_ASSERTIONS = NO;
				ENABLE_STRICT_OBJC_MSGSEND = YES;
				GCC_C_LANGUAGE_STANDARD = gnu11;
				GCC_NO_COMMON_BLOCKS = YES;
				GCC_WARN_64_TO_32_BIT_CONVERSION = YES;
				GCC_WARN_ABOUT_RETURN_TYPE = YES_ERROR;
				GCC_WARN_UNDECLARED_SELECTOR = YES;
				GCC_WARN_UNINITIALIZED_AUTOS = YES_AGGRESSIVE;
				GCC_WARN_UNUSED_FUNCTION = YES;
				GCC_WARN_UNUSED_VARIABLE = YES;
				IPHONEOS_DEPLOYMENT_TARGET = 15.2;
				MTL_ENABLE_DEBUG_INFO = NO;
				MTL_FAST_MATH = YES;
				SDKROOT = iphoneos;
				SWIFT_COMPILATION_MODE = wholemodule;
				SWIFT_OPTIMIZATION_LEVEL = "-O";
				VALIDATE_PRODUCT = YES;
			};
			name = Release;
		};
		9049C43227862EAA00A23079 /* Debug */ = {
			isa = XCBuildConfiguration;
			baseConfigurationReference = 0A3EF5CA9D6A91C26A0004AB /* Pods-WeatherGift.debug.xcconfig */;
			buildSettings = {
				ASSETCATALOG_COMPILER_APPICON_NAME = AppIcon;
				ASSETCATALOG_COMPILER_GLOBAL_ACCENT_COLOR_NAME = AccentColor;
				CODE_SIGN_STYLE = Automatic;
				CURRENT_PROJECT_VERSION = 1;
				DEVELOPMENT_TEAM = LSB5ZJVR8L;
				GENERATE_INFOPLIST_FILE = YES;
				INFOPLIST_FILE = WeatherGift/Info.plist;
				INFOPLIST_KEY_UIApplicationSupportsIndirectInputEvents = YES;
				INFOPLIST_KEY_UILaunchStoryboardName = LaunchScreen;
				INFOPLIST_KEY_UIMainStoryboardFile = Main;
				INFOPLIST_KEY_UISupportedInterfaceOrientations_iPad = "UIInterfaceOrientationPortrait UIInterfaceOrientationPortraitUpsideDown UIInterfaceOrientationLandscapeLeft UIInterfaceOrientationLandscapeRight";
				INFOPLIST_KEY_UISupportedInterfaceOrientations_iPhone = "UIInterfaceOrientationPortrait UIInterfaceOrientationLandscapeLeft UIInterfaceOrientationLandscapeRight";
				LD_RUNPATH_SEARCH_PATHS = (
					"$(inherited)",
					"@executable_path/Frameworks",
				);
				MARKETING_VERSION = 1.0;
				PRODUCT_BUNDLE_IDENTIFIER = com.KFAV2.WeatherGift;
				PRODUCT_NAME = "$(TARGET_NAME)";
				SWIFT_EMIT_LOC_STRINGS = YES;
				SWIFT_VERSION = 5.0;
				TARGETED_DEVICE_FAMILY = "1,2";
			};
			name = Debug;
		};
		9049C43327862EAA00A23079 /* Release */ = {
			isa = XCBuildConfiguration;
			baseConfigurationReference = B6776104F6873253E7439024 /* Pods-WeatherGift.release.xcconfig */;
			buildSettings = {
				ASSETCATALOG_COMPILER_APPICON_NAME = AppIcon;
				ASSETCATALOG_COMPILER_GLOBAL_ACCENT_COLOR_NAME = AccentColor;
				CODE_SIGN_STYLE = Automatic;
				CURRENT_PROJECT_VERSION = 1;
				DEVELOPMENT_TEAM = LSB5ZJVR8L;
				GENERATE_INFOPLIST_FILE = YES;
				INFOPLIST_FILE = WeatherGift/Info.plist;
				INFOPLIST_KEY_UIApplicationSupportsIndirectInputEvents = YES;
				INFOPLIST_KEY_UILaunchStoryboardName = LaunchScreen;
				INFOPLIST_KEY_UIMainStoryboardFile = Main;
				INFOPLIST_KEY_UISupportedInterfaceOrientations_iPad = "UIInterfaceOrientationPortrait UIInterfaceOrientationPortraitUpsideDown UIInterfaceOrientationLandscapeLeft UIInterfaceOrientationLandscapeRight";
				INFOPLIST_KEY_UISupportedInterfaceOrientations_iPhone = "UIInterfaceOrientationPortrait UIInterfaceOrientationLandscapeLeft UIInterfaceOrientationLandscapeRight";
				LD_RUNPATH_SEARCH_PATHS = (
					"$(inherited)",
					"@executable_path/Frameworks",
				);
				MARKETING_VERSION = 1.0;
				PRODUCT_BUNDLE_IDENTIFIER = com.KFAV2.WeatherGift;
				PRODUCT_NAME = "$(TARGET_NAME)";
				SWIFT_EMIT_LOC_STRINGS = YES;
				SWIFT_VERSION = 5.0;
				TARGETED_DEVICE_FAMILY = "1,2";
			};
			name = Release;
		};
/* End XCBuildConfiguration section */

/* Begin XCConfigurationList section */
		9049C41827862EA700A23079 /* Build configuration list for PBXProject "WeatherGift" */ = {
			isa = XCConfigurationList;
			buildConfigurations = (
				9049C42F27862EAA00A23079 /* Debug */,
				9049C43027862EAA00A23079 /* Release */,
			);
			defaultConfigurationIsVisible = 0;
			defaultConfigurationName = Release;
		};
		9049C43127862EAA00A23079 /* Build configuration list for PBXNativeTarget "WeatherGift" */ = {
			isa = XCConfigurationList;
			buildConfigurations = (
				9049C43227862EAA00A23079 /* Debug */,
				9049C43327862EAA00A23079 /* Release */,
			);
			defaultConfigurationIsVisible = 0;
			defaultConfigurationName = Release;
		};
/* End XCConfigurationList section */
	};
	rootObject = 9049C41527862EA700A23079 /* Project object */;
}
